
Microsoft Visual Studio Solution File, Format Version 12.00
# Visual Studio Version 17
VisualStudioVersion = 17.7.34024.191
MinimumVisualStudioVersion = 10.0.40219.1
Project("{8BC9CEB8-8B4A-11D0-8D11-00A0C91BC942}") = "14.09.2023", "14.09.2023\14.09.2023.vcxproj", "{DDB27E72-6F43-470C-AB1F-9DDD4416E4BD}"
EndProject
Global
	GlobalSection(SolutionConfigurationPlatforms) = preSolution
		Debug|x64 = Debug|x64
		Debug|x86 = Debug|x86
		Release|x64 = Release|x64
		Release|x86 = Release|x86
	EndGlobalSection
	GlobalSection(ProjectConfigurationPlatforms) = postSolution
		{DDB27E72-6F43-470C-AB1F-9DDD4416E4BD}.Debug|x64.ActiveCfg = Debug|x64
		{DDB27E72-6F43-470C-AB1F-9DDD4416E4BD}.Debug|x64.Build.0 = Debug|x64
		{DDB27E72-6F43-470C-AB1F-9DDD4416E4BD}.Debug|x86.ActiveCfg = Debug|Win32
		{DDB27E72-6F43-470C-AB1F-9DDD4416E4BD}.Debug|x86.Build.0 = Debug|Win32
		{DDB27E72-6F43-470C-AB1F-9DDD4416E4BD}.Release|x64.ActiveCfg = Release|x64
		{DDB27E72-6F43-470C-AB1F-9DDD4416E4BD}.Release|x64.Build.0 = Release|x64
		{DDB27E72-6F43-470C-AB1F-9DDD4416E4BD}.Release|x86.ActiveCfg = Release|Win32
		{DDB27E72-6F43-470C-AB1F-9DDD4416E4BD}.Release|x86.Build.0 = Release|Win32
	EndGlobalSection
	GlobalSection(SolutionProperties) = preSolution
		HideSolutionNode = FALSE
	EndGlobalSection
	GlobalSection(ExtensibilityGlobals) = postSolution
		SolutionGuid = {3D7CB489-C8DC-4E1C-B923-D0A46BFA46F3}
	EndGlobalSection
EndGlobal
