
Microsoft Visual Studio Solution File, Format Version 12.00
# Visual Studio Version 17
VisualStudioVersion = 17.7.34024.191
MinimumVisualStudioVersion = 10.0.40219.1
Project("{8BC9CEB8-8B4A-11D0-8D11-00A0C91BC942}") = "21.09.2023", "21.09.2023\21.09.2023.vcxproj", "{57BF3A7E-A25D-4346-9A1F-A523C8D138E4}"
EndProject
Global
	GlobalSection(SolutionConfigurationPlatforms) = preSolution
		Debug|x64 = Debug|x64
		Debug|x86 = Debug|x86
		Release|x64 = Release|x64
		Release|x86 = Release|x86
	EndGlobalSection
	GlobalSection(ProjectConfigurationPlatforms) = postSolution
		{57BF3A7E-A25D-4346-9A1F-A523C8D138E4}.Debug|x64.ActiveCfg = Debug|x64
		{57BF3A7E-A25D-4346-9A1F-A523C8D138E4}.Debug|x64.Build.0 = Debug|x64
		{57BF3A7E-A25D-4346-9A1F-A523C8D138E4}.Debug|x86.ActiveCfg = Debug|Win32
		{57BF3A7E-A25D-4346-9A1F-A523C8D138E4}.Debug|x86.Build.0 = Debug|Win32
		{57BF3A7E-A25D-4346-9A1F-A523C8D138E4}.Release|x64.ActiveCfg = Release|x64
		{57BF3A7E-A25D-4346-9A1F-A523C8D138E4}.Release|x64.Build.0 = Release|x64
		{57BF3A7E-A25D-4346-9A1F-A523C8D138E4}.Release|x86.ActiveCfg = Release|Win32
		{57BF3A7E-A25D-4346-9A1F-A523C8D138E4}.Release|x86.Build.0 = Release|Win32
	EndGlobalSection
	GlobalSection(SolutionProperties) = preSolution
		HideSolutionNode = FALSE
	EndGlobalSection
	GlobalSection(ExtensibilityGlobals) = postSolution
		SolutionGuid = {4DF976A8-F5A7-43B5-98CD-0E13E3F3FB6B}
	EndGlobalSection
EndGlobal
